
Microsoft Visual Studio Solution File, Format Version 12.00
# Visual Studio Version 16
VisualStudioVersion = 16.0.30804.86
MinimumVisualStudioVersion = 10.0.40219.1
Project("{9A19103F-16F7-4668-BE54-9A1E7A4F7556}") = "Agility.NET5.Starter", "Agility.NET5.Starter.csproj", "{EB1C1C78-8347-48DC-A397-2C35F9B6C124}"
EndProject
Project("{9A19103F-16F7-4668-BE54-9A1E7A4F7556}") = "Agility.NET5.AgilityCLI", "..\Agility.NET5.AgilityCLI\Agility.NET5.AgilityCLI.csproj", "{61D64E00-6A50-4196-B98F-21EC7B4E83B2}"
EndProject
Global
	GlobalSection(SolutionConfigurationPlatforms) = preSolution
		Debug|Any CPU = Debug|Any CPU
		Release|Any CPU = Release|Any CPU
	EndGlobalSection
	GlobalSection(ProjectConfigurationPlatforms) = postSolution
		{EB1C1C78-8347-48DC-A397-2C35F9B6C124}.Debug|Any CPU.ActiveCfg = Debug|Any CPU
		{EB1C1C78-8347-48DC-A397-2C35F9B6C124}.Debug|Any CPU.Build.0 = Debug|Any CPU
		{EB1C1C78-8347-48DC-A397-2C35F9B6C124}.Release|Any CPU.ActiveCfg = Release|Any CPU
		{EB1C1C78-8347-48DC-A397-2C35F9B6C124}.Release|Any CPU.Build.0 = Release|Any CPU
		{61D64E00-6A50-4196-B98F-21EC7B4E83B2}.Debug|Any CPU.ActiveCfg = Debug|Any CPU
		{61D64E00-6A50-4196-B98F-21EC7B4E83B2}.Debug|Any CPU.Build.0 = Debug|Any CPU
		{61D64E00-6A50-4196-B98F-21EC7B4E83B2}.Release|Any CPU.ActiveCfg = Release|Any CPU
		{61D64E00-6A50-4196-B98F-21EC7B4E83B2}.Release|Any CPU.Build.0 = Release|Any CPU
	EndGlobalSection
	GlobalSection(SolutionProperties) = preSolution
		HideSolutionNode = FALSE
	EndGlobalSection
	GlobalSection(ExtensibilityGlobals) = postSolution
		SolutionGuid = {0BCB5769-6A0E-4E52-AB31-C63AE1334615}
	EndGlobalSection
EndGlobal
